
Microsoft Visual Studio Solution File, Format Version 12.00
# Visual Studio Version 16
VisualStudioVersion = 16.0.29728.190
MinimumVisualStudioVersion = 10.0.40219.1
Project("{FAE04EC0-301F-11D3-BF4B-00C04F79EFBC}") = "Csharp_User_Aflevering", "Csharp_User_Aflevering.csproj", "{FD102281-F7DB-4293-8635-C2DE4C79AA75}"
EndProject
Global
	GlobalSection(SolutionConfigurationPlatforms) = preSolution
		Debug|Any CPU = Debug|Any CPU
		Release|Any CPU = Release|Any CPU
	EndGlobalSection
	GlobalSection(ProjectConfigurationPlatforms) = postSolution
		{FD102281-F7DB-4293-8635-C2DE4C79AA75}.Debug|Any CPU.ActiveCfg = Debug|Any CPU
		{FD102281-F7DB-4293-8635-C2DE4C79AA75}.Debug|Any CPU.Build.0 = Debug|Any CPU
		{FD102281-F7DB-4293-8635-C2DE4C79AA75}.Release|Any CPU.ActiveCfg = Release|Any CPU
		{FD102281-F7DB-4293-8635-C2DE4C79AA75}.Release|Any CPU.Build.0 = Release|Any CPU
	EndGlobalSection
	GlobalSection(SolutionProperties) = preSolution
		HideSolutionNode = FALSE
	EndGlobalSection
	GlobalSection(ExtensibilityGlobals) = postSolution
		SolutionGuid = {00F10FCA-DD7B-4DCE-ABBB-10757DE84ED3}
	EndGlobalSection
EndGlobal
